// !$*UTF8*$!
{
	archiveVersion = 1;
	classes = {
	};
	objectVersion = 56;
	objects = {

/* Begin PBXBuildFile section */
		CD7169A72A3C802400FF5501 /* prewordsApp.swift in Sources */ = {isa = PBXBuildFile; fileRef = CD7169A62A3C802400FF5501 /* prewordsApp.swift */; };
		CD7169AB2A3C802600FF5501 /* Assets.xcassets in Resources */ = {isa = PBXBuildFile; fileRef = CD7169AA2A3C802600FF5501 /* Assets.xcassets */; };
		CD7169AE2A3C802600FF5501 /* Preview Assets.xcassets in Resources */ = {isa = PBXBuildFile; fileRef = CD7169AD2A3C802600FF5501 /* Preview Assets.xcassets */; };
		CD7169E12A49AD1000FF5501 /* FirebaseAuth in Frameworks */ = {isa = PBXBuildFile; productRef = CD7169E02A49AD1000FF5501 /* FirebaseAuth */; };
		CD7169E32A49AD1000FF5501 /* FirebaseFirestore in Frameworks */ = {isa = PBXBuildFile; productRef = CD7169E22A49AD1000FF5501 /* FirebaseFirestore */; };
		CD7169E52A49AD1000FF5501 /* FirebaseFirestoreSwift in Frameworks */ = {isa = PBXBuildFile; productRef = CD7169E42A49AD1000FF5501 /* FirebaseFirestoreSwift */; };
		CD7169E92A49B75300FF5501 /* AboutView.swift in Sources */ = {isa = PBXBuildFile; fileRef = CD7169E82A49B75300FF5501 /* AboutView.swift */; };
		CD7169EB2A49B76B00FF5501 /* AppView.swift in Sources */ = {isa = PBXBuildFile; fileRef = CD7169EA2A49B76B00FF5501 /* AppView.swift */; };
		CD7169ED2A49B79900FF5501 /* AboutViewViewModel.swift in Sources */ = {isa = PBXBuildFile; fileRef = CD7169EC2A49B79900FF5501 /* AboutViewViewModel.swift */; };
		CD7169EF2A49B7AC00FF5501 /* DashboardViewViewModel.swift in Sources */ = {isa = PBXBuildFile; fileRef = CD7169EE2A49B7AC00FF5501 /* DashboardViewViewModel.swift */; };
		CD7169F12A49B8EB00FF5501 /* DashboardView.swift in Sources */ = {isa = PBXBuildFile; fileRef = CD7169F02A49B8EB00FF5501 /* DashboardView.swift */; };
		CD7169F42A52DD1800FF5501 /* GuaYaoHelpers.swift in Sources */ = {isa = PBXBuildFile; fileRef = CD7169F32A52DD1800FF5501 /* GuaYaoHelpers.swift */; };
		CD7169F72A52E17500FF5501 /* AnswerModel.swift in Sources */ = {isa = PBXBuildFile; fileRef = CD7169F62A52E17500FF5501 /* AnswerModel.swift */; };
		CD7169FA2A52E39E00FF5501 /* Answers.swift in Sources */ = {isa = PBXBuildFile; fileRef = CD7169F92A52E39E00FF5501 /* Answers.swift */; };
		CD7169FC2A543C2F00FF5501 /* AnswerView.swift in Sources */ = {isa = PBXBuildFile; fileRef = CD7169FB2A543C2F00FF5501 /* AnswerView.swift */; };
		CD7169FE2A6285A400FF5501 /* SplashScreenView.swift in Sources */ = {isa = PBXBuildFile; fileRef = CD7169FD2A6285A400FF5501 /* SplashScreenView.swift */; };
		CD716A012A6804BA00FF5501 /* SlidingTabView in Frameworks */ = {isa = PBXBuildFile; productRef = CD716A002A6804BA00FF5501 /* SlidingTabView */; };
		CD716A032A6D08B500FF5501 /* NumberFieldView.swift in Sources */ = {isa = PBXBuildFile; fileRef = CD716A022A6D08B500FF5501 /* NumberFieldView.swift */; };
		CD716A052A6FF19500FF5501 /* AboutPointView.swift in Sources */ = {isa = PBXBuildFile; fileRef = CD716A042A6FF19500FF5501 /* AboutPointView.swift */; };
		CD716A072A6FF47B00FF5501 /* AboutExplanationView.swift in Sources */ = {isa = PBXBuildFile; fileRef = CD716A062A6FF47B00FF5501 /* AboutExplanationView.swift */; };
		CD716A092A71326300FF5501 /* CardView.swift in Sources */ = {isa = PBXBuildFile; fileRef = CD716A082A71326300FF5501 /* CardView.swift */; };
		CD716A0B2A71335700FF5501 /* CardModel.swift in Sources */ = {isa = PBXBuildFile; fileRef = CD716A0A2A71335700FF5501 /* CardModel.swift */; };
/* End PBXBuildFile section */

/* Begin PBXFileReference section */
		CD7169A32A3C802400FF5501 /* prewords.app */ = {isa = PBXFileReference; explicitFileType = wrapper.application; includeInIndex = 0; path = prewords.app; sourceTree = BUILT_PRODUCTS_DIR; };
		CD7169A62A3C802400FF5501 /* prewordsApp.swift */ = {isa = PBXFileReference; lastKnownFileType = sourcecode.swift; path = prewordsApp.swift; sourceTree = "<group>"; };
		CD7169AA2A3C802600FF5501 /* Assets.xcassets */ = {isa = PBXFileReference; lastKnownFileType = folder.assetcatalog; path = Assets.xcassets; sourceTree = "<group>"; };
		CD7169AD2A3C802600FF5501 /* Preview Assets.xcassets */ = {isa = PBXFileReference; lastKnownFileType = folder.assetcatalog; path = "Preview Assets.xcassets"; sourceTree = "<group>"; };
		CD7169E82A49B75300FF5501 /* AboutView.swift */ = {isa = PBXFileReference; lastKnownFileType = sourcecode.swift; path = AboutView.swift; sourceTree = "<group>"; };
		CD7169EA2A49B76B00FF5501 /* AppView.swift */ = {isa = PBXFileReference; lastKnownFileType = sourcecode.swift; path = AppView.swift; sourceTree = "<group>"; };
		CD7169EC2A49B79900FF5501 /* AboutViewViewModel.swift */ = {isa = PBXFileReference; lastKnownFileType = sourcecode.swift; path = AboutViewViewModel.swift; sourceTree = "<group>"; };
		CD7169EE2A49B7AC00FF5501 /* DashboardViewViewModel.swift */ = {isa = PBXFileReference; lastKnownFileType = sourcecode.swift; path = DashboardViewViewModel.swift; sourceTree = "<group>"; };
		CD7169F02A49B8EB00FF5501 /* DashboardView.swift */ = {isa = PBXFileReference; lastKnownFileType = sourcecode.swift; path = DashboardView.swift; sourceTree = "<group>"; };
		CD7169F32A52DD1800FF5501 /* GuaYaoHelpers.swift */ = {isa = PBXFileReference; lastKnownFileType = sourcecode.swift; path = GuaYaoHelpers.swift; sourceTree = "<group>"; };
		CD7169F62A52E17500FF5501 /* AnswerModel.swift */ = {isa = PBXFileReference; lastKnownFileType = sourcecode.swift; path = AnswerModel.swift; sourceTree = "<group>"; };
		CD7169F92A52E39E00FF5501 /* Answers.swift */ = {isa = PBXFileReference; lastKnownFileType = sourcecode.swift; path = Answers.swift; sourceTree = "<group>"; };
		CD7169FB2A543C2F00FF5501 /* AnswerView.swift */ = {isa = PBXFileReference; lastKnownFileType = sourcecode.swift; path = AnswerView.swift; sourceTree = "<group>"; };
		CD7169FD2A6285A400FF5501 /* SplashScreenView.swift */ = {isa = PBXFileReference; lastKnownFileType = sourcecode.swift; path = SplashScreenView.swift; sourceTree = "<group>"; };
		CD716A022A6D08B500FF5501 /* NumberFieldView.swift */ = {isa = PBXFileReference; lastKnownFileType = sourcecode.swift; path = NumberFieldView.swift; sourceTree = "<group>"; };
		CD716A042A6FF19500FF5501 /* AboutPointView.swift */ = {isa = PBXFileReference; lastKnownFileType = sourcecode.swift; path = AboutPointView.swift; sourceTree = "<group>"; };
		CD716A062A6FF47B00FF5501 /* AboutExplanationView.swift */ = {isa = PBXFileReference; lastKnownFileType = sourcecode.swift; path = AboutExplanationView.swift; sourceTree = "<group>"; };
		CD716A082A71326300FF5501 /* CardView.swift */ = {isa = PBXFileReference; lastKnownFileType = sourcecode.swift; path = CardView.swift; sourceTree = "<group>"; };
		CD716A0A2A71335700FF5501 /* CardModel.swift */ = {isa = PBXFileReference; lastKnownFileType = sourcecode.swift; path = CardModel.swift; sourceTree = "<group>"; };
/* End PBXFileReference section */

/* Begin PBXFrameworksBuildPhase section */
		CD7169A02A3C802400FF5501 /* Frameworks */ = {
			isa = PBXFrameworksBuildPhase;
			buildActionMask = 2147483647;
			files = (
				CD7169E12A49AD1000FF5501 /* FirebaseAuth in Frameworks */,
				CD7169E32A49AD1000FF5501 /* FirebaseFirestore in Frameworks */,
				CD716A012A6804BA00FF5501 /* SlidingTabView in Frameworks */,
				CD7169E52A49AD1000FF5501 /* FirebaseFirestoreSwift in Frameworks */,
			);
			runOnlyForDeploymentPostprocessing = 0;
		};
/* End PBXFrameworksBuildPhase section */

/* Begin PBXGroup section */
		CD71699A2A3C802400FF5501 = {
			isa = PBXGroup;
			children = (
				CD7169A52A3C802400FF5501 /* prewords */,
				CD7169A42A3C802400FF5501 /* Products */,
			);
			sourceTree = "<group>";
		};
		CD7169A42A3C802400FF5501 /* Products */ = {
			isa = PBXGroup;
			children = (
				CD7169A32A3C802400FF5501 /* prewords.app */,
			);
			name = Products;
			sourceTree = "<group>";
		};
		CD7169A52A3C802400FF5501 /* prewords */ = {
			isa = PBXGroup;
			children = (
				CD7169F82A52E38700FF5501 /* Data */,
				CD7169F52A52E12A00FF5501 /* Models */,
				CD7169F22A52DC7C00FF5501 /* Utils */,
				CD7169DA2A49A7FD00FF5501 /* ViewModels */,
				CD7169D22A49A44F00FF5501 /* Views */,
				CD7169A62A3C802400FF5501 /* prewordsApp.swift */,
				CD7169AA2A3C802600FF5501 /* Assets.xcassets */,
				CD7169AC2A3C802600FF5501 /* Preview Content */,
			);
			path = prewords;
			sourceTree = "<group>";
		};
		CD7169AC2A3C802600FF5501 /* Preview Content */ = {
			isa = PBXGroup;
			children = (
				CD7169AD2A3C802600FF5501 /* Preview Assets.xcassets */,
			);
			path = "Preview Content";
			sourceTree = "<group>";
		};
		CD7169D22A49A44F00FF5501 /* Views */ = {
			isa = PBXGroup;
			children = (
				CD7169E82A49B75300FF5501 /* AboutView.swift */,
				CD716A082A71326300FF5501 /* CardView.swift */,
				CD716A062A6FF47B00FF5501 /* AboutExplanationView.swift */,
				CD7169EA2A49B76B00FF5501 /* AppView.swift */,
				CD7169F02A49B8EB00FF5501 /* DashboardView.swift */,
				CD7169FB2A543C2F00FF5501 /* AnswerView.swift */,
				CD716A042A6FF19500FF5501 /* AboutPointView.swift */,
				CD7169FD2A6285A400FF5501 /* SplashScreenView.swift */,
				CD716A022A6D08B500FF5501 /* NumberFieldView.swift */,
			);
			path = Views;
			sourceTree = "<group>";
		};
		CD7169DA2A49A7FD00FF5501 /* ViewModels */ = {
			isa = PBXGroup;
			children = (
				CD7169EC2A49B79900FF5501 /* AboutViewViewModel.swift */,
				CD7169EE2A49B7AC00FF5501 /* DashboardViewViewModel.swift */,
			);
			path = ViewModels;
			sourceTree = "<group>";
		};
		CD7169F22A52DC7C00FF5501 /* Utils */ = {
			isa = PBXGroup;
			children = (
				CD7169F32A52DD1800FF5501 /* GuaYaoHelpers.swift */,
			);
			path = Utils;
			sourceTree = "<group>";
		};
		CD7169F52A52E12A00FF5501 /* Models */ = {
			isa = PBXGroup;
			children = (
				CD7169F62A52E17500FF5501 /* AnswerModel.swift */,
				CD716A0A2A71335700FF5501 /* CardModel.swift */,
			);
			path = Models;
			sourceTree = "<group>";
		};
		CD7169F82A52E38700FF5501 /* Data */ = {
			isa = PBXGroup;
			children = (
				CD7169F92A52E39E00FF5501 /* Answers.swift */,
			);
			path = Data;
			sourceTree = "<group>";
		};
/* End PBXGroup section */

/* Begin PBXNativeTarget section */
		CD7169A22A3C802400FF5501 /* prewords */ = {
			isa = PBXNativeTarget;
			buildConfigurationList = CD7169B12A3C802600FF5501 /* Build configuration list for PBXNativeTarget "prewords" */;
			buildPhases = (
				CD71699F2A3C802400FF5501 /* Sources */,
				CD7169A02A3C802400FF5501 /* Frameworks */,
				CD7169A12A3C802400FF5501 /* Resources */,
			);
			buildRules = (
			);
			dependencies = (
			);
			name = prewords;
			packageProductDependencies = (
				CD7169E02A49AD1000FF5501 /* FirebaseAuth */,
				CD7169E22A49AD1000FF5501 /* FirebaseFirestore */,
				CD7169E42A49AD1000FF5501 /* FirebaseFirestoreSwift */,
				CD716A002A6804BA00FF5501 /* SlidingTabView */,
			);
			productName = prewords;
			productReference = CD7169A32A3C802400FF5501 /* prewords.app */;
			productType = "com.apple.product-type.application";
		};
/* End PBXNativeTarget section */

/* Begin PBXProject section */
		CD71699B2A3C802400FF5501 /* Project object */ = {
			isa = PBXProject;
			attributes = {
				BuildIndependentTargetsInParallel = 1;
				LastSwiftUpdateCheck = 1430;
				LastUpgradeCheck = 1430;
				TargetAttributes = {
					CD7169A22A3C802400FF5501 = {
						CreatedOnToolsVersion = 14.3;
					};
				};
			};
			buildConfigurationList = CD71699E2A3C802400FF5501 /* Build configuration list for PBXProject "prewords" */;
			compatibilityVersion = "Xcode 14.0";
			developmentRegion = en;
			hasScannedForEncodings = 0;
			knownRegions = (
				en,
				Base,
			);
			mainGroup = CD71699A2A3C802400FF5501;
			packageReferences = (
				CD7169DF2A49AD1000FF5501 /* XCRemoteSwiftPackageReference "firebase-ios-sdk" */,
				CD7169FF2A6804BA00FF5501 /* XCRemoteSwiftPackageReference "SlidingTabView" */,
			);
			productRefGroup = CD7169A42A3C802400FF5501 /* Products */;
			projectDirPath = "";
			projectRoot = "";
			targets = (
				CD7169A22A3C802400FF5501 /* prewords */,
			);
		};
/* End PBXProject section */

/* Begin PBXResourcesBuildPhase section */
		CD7169A12A3C802400FF5501 /* Resources */ = {
			isa = PBXResourcesBuildPhase;
			buildActionMask = 2147483647;
			files = (
				CD7169AE2A3C802600FF5501 /* Preview Assets.xcassets in Resources */,
				CD7169AB2A3C802600FF5501 /* Assets.xcassets in Resources */,
			);
			runOnlyForDeploymentPostprocessing = 0;
		};
/* End PBXResourcesBuildPhase section */

/* Begin PBXSourcesBuildPhase section */
		CD71699F2A3C802400FF5501 /* Sources */ = {
			isa = PBXSourcesBuildPhase;
			buildActionMask = 2147483647;
			files = (
				CD7169ED2A49B79900FF5501 /* AboutViewViewModel.swift in Sources */,
				CD7169EB2A49B76B00FF5501 /* AppView.swift in Sources */,
				CD7169FC2A543C2F00FF5501 /* AnswerView.swift in Sources */,
				CD7169F12A49B8EB00FF5501 /* DashboardView.swift in Sources */,
				CD716A092A71326300FF5501 /* CardView.swift in Sources */,
				CD716A0B2A71335700FF5501 /* CardModel.swift in Sources */,
				CD7169FE2A6285A400FF5501 /* SplashScreenView.swift in Sources */,
				CD7169EF2A49B7AC00FF5501 /* DashboardViewViewModel.swift in Sources */,
				CD7169FA2A52E39E00FF5501 /* Answers.swift in Sources */,
				CD7169E92A49B75300FF5501 /* AboutView.swift in Sources */,
				CD716A032A6D08B500FF5501 /* NumberFieldView.swift in Sources */,
				CD7169F42A52DD1800FF5501 /* GuaYaoHelpers.swift in Sources */,
				CD716A072A6FF47B00FF5501 /* AboutExplanationView.swift in Sources */,
				CD716A052A6FF19500FF5501 /* AboutPointView.swift in Sources */,
				CD7169A72A3C802400FF5501 /* prewordsApp.swift in Sources */,
				CD7169F72A52E17500FF5501 /* AnswerModel.swift in Sources */,
			);
			runOnlyForDeploymentPostprocessing = 0;
		};
/* End PBXSourcesBuildPhase section */

/* Begin XCBuildConfiguration section */
		CD7169AF2A3C802600FF5501 /* Debug */ = {
			isa = XCBuildConfiguration;
			buildSettings = {
				ALWAYS_SEARCH_USER_PATHS = NO;
				CLANG_ANALYZER_NONNULL = YES;
				CLANG_ANALYZER_NUMBER_OBJECT_CONVERSION = YES_AGGRESSIVE;
				CLANG_CXX_LANGUAGE_STANDARD = "gnu++20";
				CLANG_ENABLE_MODULES = YES;
				CLANG_ENABLE_OBJC_ARC = YES;
				CLANG_ENABLE_OBJC_WEAK = YES;
				CLANG_WARN_BLOCK_CAPTURE_AUTORELEASING = YES;
				CLANG_WARN_BOOL_CONVERSION = YES;
				CLANG_WARN_COMMA = YES;
				CLANG_WARN_CONSTANT_CONVERSION = YES;
				CLANG_WARN_DEPRECATED_OBJC_IMPLEMENTATIONS = YES;
				CLANG_WARN_DIRECT_OBJC_ISA_USAGE = YES_ERROR;
				CLANG_WARN_DOCUMENTATION_COMMENTS = YES;
				CLANG_WARN_EMPTY_BODY = YES;
				CLANG_WARN_ENUM_CONVERSION = YES;
				CLANG_WARN_INFINITE_RECURSION = YES;
				CLANG_WARN_INT_CONVERSION = YES;
				CLANG_WARN_NON_LITERAL_NULL_CONVERSION = YES;
				CLANG_WARN_OBJC_IMPLICIT_RETAIN_SELF = YES;
				CLANG_WARN_OBJC_LITERAL_CONVERSION = YES;
				CLANG_WARN_OBJC_ROOT_CLASS = YES_ERROR;
				CLANG_WARN_QUOTED_INCLUDE_IN_FRAMEWORK_HEADER = YES;
				CLANG_WARN_RANGE_LOOP_ANALYSIS = YES;
				CLANG_WARN_STRICT_PROTOTYPES = YES;
				CLANG_WARN_SUSPICIOUS_MOVE = YES;
				CLANG_WARN_UNGUARDED_AVAILABILITY = YES_AGGRESSIVE;
				CLANG_WARN_UNREACHABLE_CODE = YES;
				CLANG_WARN__DUPLICATE_METHOD_MATCH = YES;
				COPY_PHASE_STRIP = NO;
				DEBUG_INFORMATION_FORMAT = dwarf;
				ENABLE_STRICT_OBJC_MSGSEND = YES;
				ENABLE_TESTABILITY = YES;
				GCC_C_LANGUAGE_STANDARD = gnu11;
				GCC_DYNAMIC_NO_PIC = NO;
				GCC_NO_COMMON_BLOCKS = YES;
				GCC_OPTIMIZATION_LEVEL = 0;
				GCC_PREPROCESSOR_DEFINITIONS = (
					"DEBUG=1",
					"$(inherited)",
				);
				GCC_WARN_64_TO_32_BIT_CONVERSION = YES;
				GCC_WARN_ABOUT_RETURN_TYPE = YES_ERROR;
				GCC_WARN_UNDECLARED_SELECTOR = YES;
				GCC_WARN_UNINITIALIZED_AUTOS = YES_AGGRESSIVE;
				GCC_WARN_UNUSED_FUNCTION = YES;
				GCC_WARN_UNUSED_VARIABLE = YES;
				IPHONEOS_DEPLOYMENT_TARGET = 16.4;
				MTL_ENABLE_DEBUG_INFO = INCLUDE_SOURCE;
				MTL_FAST_MATH = YES;
				ONLY_ACTIVE_ARCH = YES;
				SDKROOT = iphoneos;
				SWIFT_ACTIVE_COMPILATION_CONDITIONS = DEBUG;
				SWIFT_OPTIMIZATION_LEVEL = "-Onone";
			};
			name = Debug;
		};
		CD7169B02A3C802600FF5501 /* Release */ = {
			isa = XCBuildConfiguration;
			buildSettings = {
				ALWAYS_SEARCH_USER_PATHS = NO;
				CLANG_ANALYZER_NONNULL = YES;
				CLANG_ANALYZER_NUMBER_OBJECT_CONVERSION = YES_AGGRESSIVE;
				CLANG_CXX_LANGUAGE_STANDARD = "gnu++20";
				CLANG_ENABLE_MODULES = YES;
				CLANG_ENABLE_OBJC_ARC = YES;
				CLANG_ENABLE_OBJC_WEAK = YES;
				CLANG_WARN_BLOCK_CAPTURE_AUTORELEASING = YES;
				CLANG_WARN_BOOL_CONVERSION = YES;
				CLANG_WARN_COMMA = YES;
				CLANG_WARN_CONSTANT_CONVERSION = YES;
				CLANG_WARN_DEPRECATED_OBJC_IMPLEMENTATIONS = YES;
				CLANG_WARN_DIRECT_OBJC_ISA_USAGE = YES_ERROR;
				CLANG_WARN_DOCUMENTATION_COMMENTS = YES;
				CLANG_WARN_EMPTY_BODY = YES;
				CLANG_WARN_ENUM_CONVERSION = YES;
				CLANG_WARN_INFINITE_RECURSION = YES;
				CLANG_WARN_INT_CONVERSION = YES;
				CLANG_WARN_NON_LITERAL_NULL_CONVERSION = YES;
				CLANG_WARN_OBJC_IMPLICIT_RETAIN_SELF = YES;
				CLANG_WARN_OBJC_LITERAL_CONVERSION = YES;
				CLANG_WARN_OBJC_ROOT_CLASS = YES_ERROR;
				CLANG_WARN_QUOTED_INCLUDE_IN_FRAMEWORK_HEADER = YES;
				CLANG_WARN_RANGE_LOOP_ANALYSIS = YES;
				CLANG_WARN_STRICT_PROTOTYPES = YES;
				CLANG_WARN_SUSPICIOUS_MOVE = YES;
				CLANG_WARN_UNGUARDED_AVAILABILITY = YES_AGGRESSIVE;
				CLANG_WARN_UNREACHABLE_CODE = YES;
				CLANG_WARN__DUPLICATE_METHOD_MATCH = YES;
				COPY_PHASE_STRIP = NO;
				DEBUG_INFORMATION_FORMAT = "dwarf-with-dsym";
				ENABLE_NS_ASSERTIONS = NO;
				ENABLE_STRICT_OBJC_MSGSEND = YES;
				GCC_C_LANGUAGE_STANDARD = gnu11;
				GCC_NO_COMMON_BLOCKS = YES;
				GCC_WARN_64_TO_32_BIT_CONVERSION = YES;
				GCC_WARN_ABOUT_RETURN_TYPE = YES_ERROR;
				GCC_WARN_UNDECLARED_SELECTOR = YES;
				GCC_WARN_UNINITIALIZED_AUTOS = YES_AGGRESSIVE;
				GCC_WARN_UNUSED_FUNCTION = YES;
				GCC_WARN_UNUSED_VARIABLE = YES;
				IPHONEOS_DEPLOYMENT_TARGET = 16.4;
				MTL_ENABLE_DEBUG_INFO = NO;
				MTL_FAST_MATH = YES;
				SDKROOT = iphoneos;
				SWIFT_COMPILATION_MODE = wholemodule;
				SWIFT_OPTIMIZATION_LEVEL = "-O";
				VALIDATE_PRODUCT = YES;
			};
			name = Release;
		};
		CD7169B22A3C802600FF5501 /* Debug */ = {
			isa = XCBuildConfiguration;
			buildSettings = {
				ASSETCATALOG_COMPILER_APPICON_NAME = AppIcon;
				ASSETCATALOG_COMPILER_GLOBAL_ACCENT_COLOR_NAME = AccentColor;
				CODE_SIGN_STYLE = Automatic;
				CURRENT_PROJECT_VERSION = 1;
				DEVELOPMENT_ASSET_PATHS = "\"prewords/Preview Content\"";
				DEVELOPMENT_TEAM = 6NAATR9PK9;
				ENABLE_PREVIEWS = YES;
				GENERATE_INFOPLIST_FILE = YES;
				INFOPLIST_KEY_CFBundleDisplayName = prewords;
				INFOPLIST_KEY_UIApplicationSceneManifest_Generation = YES;
				INFOPLIST_KEY_UIApplicationSupportsIndirectInputEvents = YES;
				INFOPLIST_KEY_UILaunchScreen_Generation = YES;
				INFOPLIST_KEY_UISupportedInterfaceOrientations = "UIInterfaceOrientationLandscapeLeft UIInterfaceOrientationLandscapeRight UIInterfaceOrientationPortrait";
				INFOPLIST_KEY_UISupportedInterfaceOrientations_iPad = "UIInterfaceOrientationLandscapeLeft UIInterfaceOrientationLandscapeRight UIInterfaceOrientationPortrait UIInterfaceOrientationPortraitUpsideDown";
				LD_RUNPATH_SEARCH_PATHS = (
					"$(inherited)",
					"@executable_path/Frameworks",
				);
				MARKETING_VERSION = 1.0;
				PRODUCT_BUNDLE_IDENTIFIER = dameng.prewords;
				PRODUCT_NAME = "$(TARGET_NAME)";
				SWIFT_EMIT_LOC_STRINGS = YES;
				SWIFT_VERSION = 5.0;
				TARGETED_DEVICE_FAMILY = "1,2";
			};
			name = Debug;
		};
		CD7169B32A3C802600FF5501 /* Release */ = {
			isa = XCBuildConfiguration;
			buildSettings = {
				ASSETCATALOG_COMPILER_APPICON_NAME = AppIcon;
				ASSETCATALOG_COMPILER_GLOBAL_ACCENT_COLOR_NAME = AccentColor;
				CODE_SIGN_STYLE = Automatic;
				CURRENT_PROJECT_VERSION = 1;
				DEVELOPMENT_ASSET_PATHS = "\"prewords/Preview Content\"";
				DEVELOPMENT_TEAM = 6NAATR9PK9;
				ENABLE_PREVIEWS = YES;
				GENERATE_INFOPLIST_FILE = YES;
				INFOPLIST_KEY_CFBundleDisplayName = prewords;
				INFOPLIST_KEY_UIApplicationSceneManifest_Generation = YES;
				INFOPLIST_KEY_UIApplicationSupportsIndirectInputEvents = YES;
				INFOPLIST_KEY_UILaunchScreen_Generation = YES;
				INFOPLIST_KEY_UISupportedInterfaceOrientations = "UIInterfaceOrientationLandscapeLeft UIInterfaceOrientationLandscapeRight UIInterfaceOrientationPortrait";
				INFOPLIST_KEY_UISupportedInterfaceOrientations_iPad = "UIInterfaceOrientationLandscapeLeft UIInterfaceOrientationLandscapeRight UIInterfaceOrientationPortrait UIInterfaceOrientationPortraitUpsideDown";
				LD_RUNPATH_SEARCH_PATHS = (
					"$(inherited)",
					"@executable_path/Frameworks",
				);
				MARKETING_VERSION = 1.0;
				PRODUCT_BUNDLE_IDENTIFIER = dameng.prewords;
				PRODUCT_NAME = "$(TARGET_NAME)";
				SWIFT_EMIT_LOC_STRINGS = YES;
				SWIFT_VERSION = 5.0;
				TARGETED_DEVICE_FAMILY = "1,2";
			};
			name = Release;
		};
/* End XCBuildConfiguration section */

/* Begin XCConfigurationList section */
		CD71699E2A3C802400FF5501 /* Build configuration list for PBXProject "prewords" */ = {
			isa = XCConfigurationList;
			buildConfigurations = (
				CD7169AF2A3C802600FF5501 /* Debug */,
				CD7169B02A3C802600FF5501 /* Release */,
			);
			defaultConfigurationIsVisible = 0;
			defaultConfigurationName = Release;
		};
		CD7169B12A3C802600FF5501 /* Build configuration list for PBXNativeTarget "prewords" */ = {
			isa = XCConfigurationList;
			buildConfigurations = (
				CD7169B22A3C802600FF5501 /* Debug */,
				CD7169B32A3C802600FF5501 /* Release */,
			);
			defaultConfigurationIsVisible = 0;
			defaultConfigurationName = Release;
		};
/* End XCConfigurationList section */

/* Begin XCRemoteSwiftPackageReference section */
		CD7169DF2A49AD1000FF5501 /* XCRemoteSwiftPackageReference "firebase-ios-sdk" */ = {
			isa = XCRemoteSwiftPackageReference;
			repositoryURL = "https://github.com/firebase/firebase-ios-sdk";
			requirement = {
				kind = upToNextMajorVersion;
				minimumVersion = 10.0.0;
			};
		};
		CD7169FF2A6804BA00FF5501 /* XCRemoteSwiftPackageReference "SlidingTabView" */ = {
			isa = XCRemoteSwiftPackageReference;
			repositoryURL = "https://github.com/QuynhNguyen/SlidingTabView";
			requirement = {
				kind = upToNextMajorVersion;
				minimumVersion = 1.0.0;
			};
		};
/* End XCRemoteSwiftPackageReference section */

/* Begin XCSwiftPackageProductDependency section */
		CD7169E02A49AD1000FF5501 /* FirebaseAuth */ = {
			isa = XCSwiftPackageProductDependency;
			package = CD7169DF2A49AD1000FF5501 /* XCRemoteSwiftPackageReference "firebase-ios-sdk" */;
			productName = FirebaseAuth;
		};
		CD7169E22A49AD1000FF5501 /* FirebaseFirestore */ = {
			isa = XCSwiftPackageProductDependency;
			package = CD7169DF2A49AD1000FF5501 /* XCRemoteSwiftPackageReference "firebase-ios-sdk" */;
			productName = FirebaseFirestore;
		};
		CD7169E42A49AD1000FF5501 /* FirebaseFirestoreSwift */ = {
			isa = XCSwiftPackageProductDependency;
			package = CD7169DF2A49AD1000FF5501 /* XCRemoteSwiftPackageReference "firebase-ios-sdk" */;
			productName = FirebaseFirestoreSwift;
		};
		CD716A002A6804BA00FF5501 /* SlidingTabView */ = {
			isa = XCSwiftPackageProductDependency;
			package = CD7169FF2A6804BA00FF5501 /* XCRemoteSwiftPackageReference "SlidingTabView" */;
			productName = SlidingTabView;
		};
/* End XCSwiftPackageProductDependency section */
	};
	rootObject = CD71699B2A3C802400FF5501 /* Project object */;
}
